// !$*UTF8*$!
{
	archiveVersion = 1;
	classes = {
	};
	objectVersion = 50;
	objects = {

/* Begin PBXBuildFile section */
		7960816E2225FF0B00FFC95B /* AppDelegate.swift in Sources */ = {isa = PBXBuildFile; fileRef = 7960816D2225FF0B00FFC95B /* AppDelegate.swift */; };
		796081702225FF0B00FFC95B /* ViewController.swift in Sources */ = {isa = PBXBuildFile; fileRef = 7960816F2225FF0B00FFC95B /* ViewController.swift */; };
		796081732225FF0B00FFC95B /* Main.storyboard in Resources */ = {isa = PBXBuildFile; fileRef = 796081712225FF0B00FFC95B /* Main.storyboard */; };
		796081752225FF0F00FFC95B /* Assets.xcassets in Resources */ = {isa = PBXBuildFile; fileRef = 796081742225FF0F00FFC95B /* Assets.xcassets */; };
		796081782225FF0F00FFC95B /* LaunchScreen.storyboard in Resources */ = {isa = PBXBuildFile; fileRef = 796081762225FF0F00FFC95B /* LaunchScreen.storyboard */; };
		796081832225FF0F00FFC95B /* Travel_WishlistTests.swift in Sources */ = {isa = PBXBuildFile; fileRef = 796081822225FF0F00FFC95B /* Travel_WishlistTests.swift */; };
		7960818E2225FF0F00FFC95B /* Travel_WishlistUITests.swift in Sources */ = {isa = PBXBuildFile; fileRef = 7960818D2225FF0F00FFC95B /* Travel_WishlistUITests.swift */; };
/* End PBXBuildFile section */

/* Begin PBXContainerItemProxy section */
		7960817F2225FF0F00FFC95B /* PBXContainerItemProxy */ = {
			isa = PBXContainerItemProxy;
			containerPortal = 796081622225FF0B00FFC95B /* Project object */;
			proxyType = 1;
			remoteGlobalIDString = 796081692225FF0B00FFC95B;
			remoteInfo = "Travel Wishlist";
		};
		7960818A2225FF0F00FFC95B /* PBXContainerItemProxy */ = {
			isa = PBXContainerItemProxy;
			containerPortal = 796081622225FF0B00FFC95B /* Project object */;
			proxyType = 1;
			remoteGlobalIDString = 796081692225FF0B00FFC95B;
			remoteInfo = "Travel Wishlist";
		};
/* End PBXContainerItemProxy section */

/* Begin PBXFileReference section */
		7960816A2225FF0B00FFC95B /* Travel Wishlist.app */ = {isa = PBXFileReference; explicitFileType = wrapper.application; includeInIndex = 0; path = "Travel Wishlist.app"; sourceTree = BUILT_PRODUCTS_DIR; };
		7960816D2225FF0B00FFC95B /* AppDelegate.swift */ = {isa = PBXFileReference; lastKnownFileType = sourcecode.swift; path = AppDelegate.swift; sourceTree = "<group>"; };
		7960816F2225FF0B00FFC95B /* ViewController.swift */ = {isa = PBXFileReference; lastKnownFileType = sourcecode.swift; path = ViewController.swift; sourceTree = "<group>"; };
		796081722225FF0B00FFC95B /* Base */ = {isa = PBXFileReference; lastKnownFileType = file.storyboard; name = Base; path = Base.lproj/Main.storyboard; sourceTree = "<group>"; };
		796081742225FF0F00FFC95B /* Assets.xcassets */ = {isa = PBXFileReference; lastKnownFileType = folder.assetcatalog; path = Assets.xcassets; sourceTree = "<group>"; };
		796081772225FF0F00FFC95B /* Base */ = {isa = PBXFileReference; lastKnownFileType = file.storyboard; name = Base; path = Base.lproj/LaunchScreen.storyboard; sourceTree = "<group>"; };
		796081792225FF0F00FFC95B /* Info.plist */ = {isa = PBXFileReference; lastKnownFileType = text.plist.xml; path = Info.plist; sourceTree = "<group>"; };
		7960817E2225FF0F00FFC95B /* Travel WishlistTests.xctest */ = {isa = PBXFileReference; explicitFileType = wrapper.cfbundle; includeInIndex = 0; path = "Travel WishlistTests.xctest"; sourceTree = BUILT_PRODUCTS_DIR; };
		796081822225FF0F00FFC95B /* Travel_WishlistTests.swift */ = {isa = PBXFileReference; lastKnownFileType = sourcecode.swift; path = Travel_WishlistTests.swift; sourceTree = "<group>"; };
		796081842225FF0F00FFC95B /* Info.plist */ = {isa = PBXFileReference; lastKnownFileType = text.plist.xml; path = Info.plist; sourceTree = "<group>"; };
		796081892225FF0F00FFC95B /* Travel WishlistUITests.xctest */ = {isa = PBXFileReference; explicitFileType = wrapper.cfbundle; includeInIndex = 0; path = "Travel WishlistUITests.xctest"; sourceTree = BUILT_PRODUCTS_DIR; };
		7960818D2225FF0F00FFC95B /* Travel_WishlistUITests.swift */ = {isa = PBXFileReference; lastKnownFileType = sourcecode.swift; path = Travel_WishlistUITests.swift; sourceTree = "<group>"; };
		7960818F2225FF0F00FFC95B /* Info.plist */ = {isa = PBXFileReference; lastKnownFileType = text.plist.xml; path = Info.plist; sourceTree = "<group>"; };
/* End PBXFileReference section */

/* Begin PBXFrameworksBuildPhase section */
		796081672225FF0B00FFC95B /* Frameworks */ = {
			isa = PBXFrameworksBuildPhase;
			buildActionMask = 2147483647;
			files = (
			);
			runOnlyForDeploymentPostprocessing = 0;
		};
		7960817B2225FF0F00FFC95B /* Frameworks */ = {
			isa = PBXFrameworksBuildPhase;
			buildActionMask = 2147483647;
			files = (
			);
			runOnlyForDeploymentPostprocessing = 0;
		};
		796081862225FF0F00FFC95B /* Frameworks */ = {
			isa = PBXFrameworksBuildPhase;
			buildActionMask = 2147483647;
			files = (
			);
			runOnlyForDeploymentPostprocessing = 0;
		};
/* End PBXFrameworksBuildPhase section */

/* Begin PBXGroup section */
		796081612225FF0B00FFC95B = {
			isa = PBXGroup;
			children = (
				7960816C2225FF0B00FFC95B /* Travel Wishlist */,
				796081812225FF0F00FFC95B /* Travel WishlistTests */,
				7960818C2225FF0F00FFC95B /* Travel WishlistUITests */,
				7960816B2225FF0B00FFC95B /* Products */,
			);
			sourceTree = "<group>";
		};
		7960816B2225FF0B00FFC95B /* Products */ = {
			isa = PBXGroup;
			children = (
				7960816A2225FF0B00FFC95B /* Travel Wishlist.app */,
				7960817E2225FF0F00FFC95B /* Travel WishlistTests.xctest */,
				796081892225FF0F00FFC95B /* Travel WishlistUITests.xctest */,
			);
			name = Products;
			sourceTree = "<group>";
		};
		7960816C2225FF0B00FFC95B /* Travel Wishlist */ = {
			isa = PBXGroup;
			children = (
				7960816D2225FF0B00FFC95B /* AppDelegate.swift */,
				7960816F2225FF0B00FFC95B /* ViewController.swift */,
				796081712225FF0B00FFC95B /* Main.storyboard */,
				796081742225FF0F00FFC95B /* Assets.xcassets */,
				796081762225FF0F00FFC95B /* LaunchScreen.storyboard */,
				796081792225FF0F00FFC95B /* Info.plist */,
			);
			path = "Travel Wishlist";
			sourceTree = "<group>";
		};
		796081812225FF0F00FFC95B /* Travel WishlistTests */ = {
			isa = PBXGroup;
			children = (
				796081822225FF0F00FFC95B /* Travel_WishlistTests.swift */,
				796081842225FF0F00FFC95B /* Info.plist */,
			);
			path = "Travel WishlistTests";
			sourceTree = "<group>";
		};
		7960818C2225FF0F00FFC95B /* Travel WishlistUITests */ = {
			isa = PBXGroup;
			children = (
				7960818D2225FF0F00FFC95B /* Travel_WishlistUITests.swift */,
				7960818F2225FF0F00FFC95B /* Info.plist */,
			);
			path = "Travel WishlistUITests";
			sourceTree = "<group>";
		};
/* End PBXGroup section */

/* Begin PBXNativeTarget section */
		796081692225FF0B00FFC95B /* Travel Wishlist */ = {
			isa = PBXNativeTarget;
			buildConfigurationList = 796081922225FF0F00FFC95B /* Build configuration list for PBXNativeTarget "Travel Wishlist" */;
			buildPhases = (
				796081662225FF0B00FFC95B /* Sources */,
				796081672225FF0B00FFC95B /* Frameworks */,
				796081682225FF0B00FFC95B /* Resources */,
			);
			buildRules = (
			);
			dependencies = (
			);
			name = "Travel Wishlist";
			productName = "Travel Wishlist";
			productReference = 7960816A2225FF0B00FFC95B /* Travel Wishlist.app */;
			productType = "com.apple.product-type.application";
		};
		7960817D2225FF0F00FFC95B /* Travel WishlistTests */ = {
			isa = PBXNativeTarget;
			buildConfigurationList = 796081952225FF0F00FFC95B /* Build configuration list for PBXNativeTarget "Travel WishlistTests" */;
			buildPhases = (
				7960817A2225FF0F00FFC95B /* Sources */,
				7960817B2225FF0F00FFC95B /* Frameworks */,
				7960817C2225FF0F00FFC95B /* Resources */,
			);
			buildRules = (
			);
			dependencies = (
				796081802225FF0F00FFC95B /* PBXTargetDependency */,
			);
			name = "Travel WishlistTests";
			productName = "Travel WishlistTests";
			productReference = 7960817E2225FF0F00FFC95B /* Travel WishlistTests.xctest */;
			productType = "com.apple.product-type.bundle.unit-test";
		};
		796081882225FF0F00FFC95B /* Travel WishlistUITests */ = {
			isa = PBXNativeTarget;
			buildConfigurationList = 796081982225FF0F00FFC95B /* Build configuration list for PBXNativeTarget "Travel WishlistUITests" */;
			buildPhases = (
				796081852225FF0F00FFC95B /* Sources */,
				796081862225FF0F00FFC95B /* Frameworks */,
				796081872225FF0F00FFC95B /* Resources */,
			);
			buildRules = (
			);
			dependencies = (
				7960818B2225FF0F00FFC95B /* PBXTargetDependency */,
			);
			name = "Travel WishlistUITests";
			productName = "Travel WishlistUITests";
			productReference = 796081892225FF0F00FFC95B /* Travel WishlistUITests.xctest */;
			productType = "com.apple.product-type.bundle.ui-testing";
		};
/* End PBXNativeTarget section */

/* Begin PBXProject section */
		796081622225FF0B00FFC95B /* Project object */ = {
			isa = PBXProject;
			attributes = {
				LastSwiftUpdateCheck = 1010;
				LastUpgradeCheck = 1010;
				ORGANIZATIONNAME = "Paul Baker";
				TargetAttributes = {
					796081692225FF0B00FFC95B = {
						CreatedOnToolsVersion = 10.1;
					};
					7960817D2225FF0F00FFC95B = {
						CreatedOnToolsVersion = 10.1;
						TestTargetID = 796081692225FF0B00FFC95B;
					};
					796081882225FF0F00FFC95B = {
						CreatedOnToolsVersion = 10.1;
						TestTargetID = 796081692225FF0B00FFC95B;
					};
				};
			};
			buildConfigurationList = 796081652225FF0B00FFC95B /* Build configuration list for PBXProject "Travel Wishlist" */;
			compatibilityVersion = "Xcode 9.3";
			developmentRegion = en;
			hasScannedForEncodings = 0;
			knownRegions = (
				en,
				Base,
			);
			mainGroup = 796081612225FF0B00FFC95B;
			productRefGroup = 7960816B2225FF0B00FFC95B /* Products */;
			projectDirPath = "";
			projectRoot = "";
			targets = (
				796081692225FF0B00FFC95B /* Travel Wishlist */,
				7960817D2225FF0F00FFC95B /* Travel WishlistTests */,
				796081882225FF0F00FFC95B /* Travel WishlistUITests */,
			);
		};
/* End PBXProject section */

/* Begin PBXResourcesBuildPhase section */
		796081682225FF0B00FFC95B /* Resources */ = {
			isa = PBXResourcesBuildPhase;
			buildActionMask = 2147483647;
			files = (
				796081782225FF0F00FFC95B /* LaunchScreen.storyboard in Resources */,
				796081752225FF0F00FFC95B /* Assets.xcassets in Resources */,
				796081732225FF0B00FFC95B /* Main.storyboard in Resources */,
			);
			runOnlyForDeploymentPostprocessing = 0;
		};
		7960817C2225FF0F00FFC95B /* Resources */ = {
			isa = PBXResourcesBuildPhase;
			buildActionMask = 2147483647;
			files = (
			);
			runOnlyForDeploymentPostprocessing = 0;
		};
		796081872225FF0F00FFC95B /* Resources */ = {
			isa = PBXResourcesBuildPhase;
			buildActionMask = 2147483647;
			files = (
			);
			runOnlyForDeploymentPostprocessing = 0;
		};
/* End PBXResourcesBuildPhase section */

/* Begin PBXSourcesBuildPhase section */
		796081662225FF0B00FFC95B /* Sources */ = {
			isa = PBXSourcesBuildPhase;
			buildActionMask = 2147483647;
			files = (
				796081702225FF0B00FFC95B /* ViewController.swift in Sources */,
				7960816E2225FF0B00FFC95B /* AppDelegate.swift in Sources */,
			);
			runOnlyForDeploymentPostprocessing = 0;
		};
		7960817A2225FF0F00FFC95B /* Sources */ = {
			isa = PBXSourcesBuildPhase;
			buildActionMask = 2147483647;
			files = (
				796081832225FF0F00FFC95B /* Travel_WishlistTests.swift in Sources */,
			);
			runOnlyForDeploymentPostprocessing = 0;
		};
		796081852225FF0F00FFC95B /* Sources */ = {
			isa = PBXSourcesBuildPhase;
			buildActionMask = 2147483647;
			files = (
				7960818E2225FF0F00FFC95B /* Travel_WishlistUITests.swift in Sources */,
			);
			runOnlyForDeploymentPostprocessing = 0;
		};
/* End PBXSourcesBuildPhase section */

/* Begin PBXTargetDependency section */
		796081802225FF0F00FFC95B /* PBXTargetDependency */ = {
			isa = PBXTargetDependency;
			target = 796081692225FF0B00FFC95B /* Travel Wishlist */;
			targetProxy = 7960817F2225FF0F00FFC95B /* PBXContainerItemProxy */;
		};
		7960818B2225FF0F00FFC95B /* PBXTargetDependency */ = {
			isa = PBXTargetDependency;
			target = 796081692225FF0B00FFC95B /* Travel Wishlist */;
			targetProxy = 7960818A2225FF0F00FFC95B /* PBXContainerItemProxy */;
		};
/* End PBXTargetDependency section */

/* Begin PBXVariantGroup section */
		796081712225FF0B00FFC95B /* Main.storyboard */ = {
			isa = PBXVariantGroup;
			children = (
				796081722225FF0B00FFC95B /* Base */,
			);
			name = Main.storyboard;
			sourceTree = "<group>";
		};
		796081762225FF0F00FFC95B /* LaunchScreen.storyboard */ = {
			isa = PBXVariantGroup;
			children = (
				796081772225FF0F00FFC95B /* Base */,
			);
			name = LaunchScreen.storyboard;
			sourceTree = "<group>";
		};
/* End PBXVariantGroup section */

/* Begin XCBuildConfiguration section */
		796081902225FF0F00FFC95B /* Debug */ = {
			isa = XCBuildConfiguration;
			buildSettings = {
				ALWAYS_SEARCH_USER_PATHS = NO;
				CLANG_ANALYZER_NONNULL = YES;
				CLANG_ANALYZER_NUMBER_OBJECT_CONVERSION = YES_AGGRESSIVE;
				CLANG_CXX_LANGUAGE_STANDARD = "gnu++14";
				CLANG_CXX_LIBRARY = "libc++";
				CLANG_ENABLE_MODULES = YES;
				CLANG_ENABLE_OBJC_ARC = YES;
				CLANG_ENABLE_OBJC_WEAK = YES;
				CLANG_WARN_BLOCK_CAPTURE_AUTORELEASING = YES;
				CLANG_WARN_BOOL_CONVERSION = YES;
				CLANG_WARN_COMMA = YES;
				CLANG_WARN_CONSTANT_CONVERSION = YES;
				CLANG_WARN_DEPRECATED_OBJC_IMPLEMENTATIONS = YES;
				CLANG_WARN_DIRECT_OBJC_ISA_USAGE = YES_ERROR;
				CLANG_WARN_DOCUMENTATION_COMMENTS = YES;
				CLANG_WARN_EMPTY_BODY = YES;
				CLANG_WARN_ENUM_CONVERSION = YES;
				CLANG_WARN_INFINITE_RECURSION = YES;
				CLANG_WARN_INT_CONVERSION = YES;
				CLANG_WARN_NON_LITERAL_NULL_CONVERSION = YES;
				CLANG_WARN_OBJC_IMPLICIT_RETAIN_SELF = YES;
				CLANG_WARN_OBJC_LITERAL_CONVERSION = YES;
				CLANG_WARN_OBJC_ROOT_CLASS = YES_ERROR;
				CLANG_WARN_RANGE_LOOP_ANALYSIS = YES;
				CLANG_WARN_STRICT_PROTOTYPES = YES;
				CLANG_WARN_SUSPICIOUS_MOVE = YES;
				CLANG_WARN_UNGUARDED_AVAILABILITY = YES_AGGRESSIVE;
				CLANG_WARN_UNREACHABLE_CODE = YES;
				CLANG_WARN__DUPLICATE_METHOD_MATCH = YES;
				CODE_SIGN_IDENTITY = "iPhone Developer";
				COPY_PHASE_STRIP = NO;
				DEBUG_INFORMATION_FORMAT = dwarf;
				ENABLE_STRICT_OBJC_MSGSEND = YES;
				ENABLE_TESTABILITY = YES;
				GCC_C_LANGUAGE_STANDARD = gnu11;
				GCC_DYNAMIC_NO_PIC = NO;
				GCC_NO_COMMON_BLOCKS = YES;
				GCC_OPTIMIZATION_LEVEL = 0;
				GCC_PREPROCESSOR_DEFINITIONS = (
					"DEBUG=1",
					"$(inherited)",
				);
				GCC_WARN_64_TO_32_BIT_CONVERSION = YES;
				GCC_WARN_ABOUT_RETURN_TYPE = YES_ERROR;
				GCC_WARN_UNDECLARED_SELECTOR = YES;
				GCC_WARN_UNINITIALIZED_AUTOS = YES_AGGRESSIVE;
				GCC_WARN_UNUSED_FUNCTION = YES;
				GCC_WARN_UNUSED_VARIABLE = YES;
				IPHONEOS_DEPLOYMENT_TARGET = 12.1;
				MTL_ENABLE_DEBUG_INFO = INCLUDE_SOURCE;
				MTL_FAST_MATH = YES;
				ONLY_ACTIVE_ARCH = YES;
				SDKROOT = iphoneos;
				SWIFT_ACTIVE_COMPILATION_CONDITIONS = DEBUG;
				SWIFT_OPTIMIZATION_LEVEL = "-Onone";
			};
			name = Debug;
		};
		796081912225FF0F00FFC95B /* Release */ = {
			isa = XCBuildConfiguration;
			buildSettings = {
				ALWAYS_SEARCH_USER_PATHS = NO;
				CLANG_ANALYZER_NONNULL = YES;
				CLANG_ANALYZER_NUMBER_OBJECT_CONVERSION = YES_AGGRESSIVE;
				CLANG_CXX_LANGUAGE_STANDARD = "gnu++14";
				CLANG_CXX_LIBRARY = "libc++";
				CLANG_ENABLE_MODULES = YES;
				CLANG_ENABLE_OBJC_ARC = YES;
				CLANG_ENABLE_OBJC_WEAK = YES;
				CLANG_WARN_BLOCK_CAPTURE_AUTORELEASING = YES;
				CLANG_WARN_BOOL_CONVERSION = YES;
				CLANG_WARN_COMMA = YES;
				CLANG_WARN_CONSTANT_CONVERSION = YES;
				CLANG_WARN_DEPRECATED_OBJC_IMPLEMENTATIONS = YES;
				CLANG_WARN_DIRECT_OBJC_ISA_USAGE = YES_ERROR;
				CLANG_WARN_DOCUMENTATION_COMMENTS = YES;
				CLANG_WARN_EMPTY_BODY = YES;
				CLANG_WARN_ENUM_CONVERSION = YES;
				CLANG_WARN_INFINITE_RECURSION = YES;
				CLANG_WARN_INT_CONVERSION = YES;
				CLANG_WARN_NON_LITERAL_NULL_CONVERSION = YES;
				CLANG_WARN_OBJC_IMPLICIT_RETAIN_SELF = YES;
				CLANG_WARN_OBJC_LITERAL_CONVERSION = YES;
				CLANG_WARN_OBJC_ROOT_CLASS = YES_ERROR;
				CLANG_WARN_RANGE_LOOP_ANALYSIS = YES;
				CLANG_WARN_STRICT_PROTOTYPES = YES;
				CLANG_WARN_SUSPICIOUS_MOVE = YES;
				CLANG_WARN_UNGUARDED_AVAILABILITY = YES_AGGRESSIVE;
				CLANG_WARN_UNREACHABLE_CODE = YES;
				CLANG_WARN__DUPLICATE_METHOD_MATCH = YES;
				CODE_SIGN_IDENTITY = "iPhone Developer";
				COPY_PHASE_STRIP = NO;
				DEBUG_INFORMATION_FORMAT = "dwarf-with-dsym";
				ENABLE_NS_ASSERTIONS = NO;
				ENABLE_STRICT_OBJC_MSGSEND = YES;
				GCC_C_LANGUAGE_STANDARD = gnu11;
				GCC_NO_COMMON_BLOCKS = YES;
				GCC_WARN_64_TO_32_BIT_CONVERSION = YES;
				GCC_WARN_ABOUT_RETURN_TYPE = YES_ERROR;
				GCC_WARN_UNDECLARED_SELECTOR = YES;
				GCC_WARN_UNINITIALIZED_AUTOS = YES_AGGRESSIVE;
				GCC_WARN_UNUSED_FUNCTION = YES;
				GCC_WARN_UNUSED_VARIABLE = YES;
				IPHONEOS_DEPLOYMENT_TARGET = 12.1;
				MTL_ENABLE_DEBUG_INFO = NO;
				MTL_FAST_MATH = YES;
				SDKROOT = iphoneos;
				SWIFT_COMPILATION_MODE = wholemodule;
				SWIFT_OPTIMIZATION_LEVEL = "-O";
				VALIDATE_PRODUCT = YES;
			};
			name = Release;
		};
		796081932225FF0F00FFC95B /* Debug */ = {
			isa = XCBuildConfiguration;
			buildSettings = {
				ASSETCATALOG_COMPILER_APPICON_NAME = AppIcon;
				CODE_SIGN_STYLE = Automatic;
				INFOPLIST_FILE = "Travel Wishlist/Info.plist";
				LD_RUNPATH_SEARCH_PATHS = (
					"$(inherited)",
					"@executable_path/Frameworks",
				);
				PRODUCT_BUNDLE_IDENTIFIER = "com.PaulBaker.Travel-Wishlist";
				PRODUCT_NAME = "$(TARGET_NAME)";
				SWIFT_VERSION = 4.2;
				TARGETED_DEVICE_FAMILY = "1,2";
			};
			name = Debug;
		};
		796081942225FF0F00FFC95B /* Release */ = {
			isa = XCBuildConfiguration;
			buildSettings = {
				ASSETCATALOG_COMPILER_APPICON_NAME = AppIcon;
				CODE_SIGN_STYLE = Automatic;
				INFOPLIST_FILE = "Travel Wishlist/Info.plist";
				LD_RUNPATH_SEARCH_PATHS = (
					"$(inherited)",
					"@executable_path/Frameworks",
				);
				PRODUCT_BUNDLE_IDENTIFIER = "com.PaulBaker.Travel-Wishlist";
				PRODUCT_NAME = "$(TARGET_NAME)";
				SWIFT_VERSION = 4.2;
				TARGETED_DEVICE_FAMILY = "1,2";
			};
			name = Release;
		};
		796081962225FF0F00FFC95B /* Debug */ = {
			isa = XCBuildConfiguration;
			buildSettings = {
				ALWAYS_EMBED_SWIFT_STANDARD_LIBRARIES = YES;
				BUNDLE_LOADER = "$(TEST_HOST)";
				CODE_SIGN_STYLE = Automatic;
				INFOPLIST_FILE = "Travel WishlistTests/Info.plist";
				LD_RUNPATH_SEARCH_PATHS = (
					"$(inherited)",
					"@executable_path/Frameworks",
					"@loader_path/Frameworks",
				);
				PRODUCT_BUNDLE_IDENTIFIER = "com.PaulBaker.Travel-WishlistTests";
				PRODUCT_NAME = "$(TARGET_NAME)";
				SWIFT_VERSION = 4.2;
				TARGETED_DEVICE_FAMILY = "1,2";
				TEST_HOST = "$(BUILT_PRODUCTS_DIR)/Travel Wishlist.app/Travel Wishlist";
			};
			name = Debug;
		};
		796081972225FF0F00FFC95B /* Release */ = {
			isa = XCBuildConfiguration;
			buildSettings = {
				ALWAYS_EMBED_SWIFT_STANDARD_LIBRARIES = YES;
				BUNDLE_LOADER = "$(TEST_HOST)";
				CODE_SIGN_STYLE = Automatic;
				INFOPLIST_FILE = "Travel WishlistTests/Info.plist";
				LD_RUNPATH_SEARCH_PATHS = (
					"$(inherited)",
					"@executable_path/Frameworks",
					"@loader_path/Frameworks",
				);
				PRODUCT_BUNDLE_IDENTIFIER = "com.PaulBaker.Travel-WishlistTests";
				PRODUCT_NAME = "$(TARGET_NAME)";
				SWIFT_VERSION = 4.2;
				TARGETED_DEVICE_FAMILY = "1,2";
				TEST_HOST = "$(BUILT_PRODUCTS_DIR)/Travel Wishlist.app/Travel Wishlist";
			};
			name = Release;
		};
		796081992225FF0F00FFC95B /* Debug */ = {
			isa = XCBuildConfiguration;
			buildSettings = {
				ALWAYS_EMBED_SWIFT_STANDARD_LIBRARIES = YES;
				CODE_SIGN_STYLE = Automatic;
				INFOPLIST_FILE = "Travel WishlistUITests/Info.plist";
				LD_RUNPATH_SEARCH_PATHS = (
					"$(inherited)",
					"@executable_path/Frameworks",
					"@loader_path/Frameworks",
				);
				PRODUCT_BUNDLE_IDENTIFIER = "com.PaulBaker.Travel-WishlistUITests";
				PRODUCT_NAME = "$(TARGET_NAME)";
				SWIFT_VERSION = 4.2;
				TARGETED_DEVICE_FAMILY = "1,2";
				TEST_TARGET_NAME = "Travel Wishlist";
			};
			name = Debug;
		};
		7960819A2225FF0F00FFC95B /* Release */ = {
			isa = XCBuildConfiguration;
			buildSettings = {
				ALWAYS_EMBED_SWIFT_STANDARD_LIBRARIES = YES;
				CODE_SIGN_STYLE = Automatic;
				INFOPLIST_FILE = "Travel WishlistUITests/Info.plist";
				LD_RUNPATH_SEARCH_PATHS = (
					"$(inherited)",
					"@executable_path/Frameworks",
					"@loader_path/Frameworks",
				);
				PRODUCT_BUNDLE_IDENTIFIER = "com.PaulBaker.Travel-WishlistUITests";
				PRODUCT_NAME = "$(TARGET_NAME)";
				SWIFT_VERSION = 4.2;
				TARGETED_DEVICE_FAMILY = "1,2";
				TEST_TARGET_NAME = "Travel Wishlist";
			};
			name = Release;
		};
/* End XCBuildConfiguration section */

/* Begin XCConfigurationList section */
		796081652225FF0B00FFC95B /* Build configuration list for PBXProject "Travel Wishlist" */ = {
			isa = XCConfigurationList;
			buildConfigurations = (
				796081902225FF0F00FFC95B /* Debug */,
				796081912225FF0F00FFC95B /* Release */,
			);
			defaultConfigurationIsVisible = 0;
			defaultConfigurationName = Release;
		};
		796081922225FF0F00FFC95B /* Build configuration list for PBXNativeTarget "Travel Wishlist" */ = {
			isa = XCConfigurationList;
			buildConfigurations = (
				796081932225FF0F00FFC95B /* Debug */,
				796081942225FF0F00FFC95B /* Release */,
			);
			defaultConfigurationIsVisible = 0;
			defaultConfigurationName = Release;
		};
		796081952225FF0F00FFC95B /* Build configuration list for PBXNativeTarget "Travel WishlistTests" */ = {
			isa = XCConfigurationList;
			buildConfigurations = (
				796081962225FF0F00FFC95B /* Debug */,
				796081972225FF0F00FFC95B /* Release */,
			);
			defaultConfigurationIsVisible = 0;
			defaultConfigurationName = Release;
		};
		796081982225FF0F00FFC95B /* Build configuration list for PBXNativeTarget "Travel WishlistUITests" */ = {
			isa = XCConfigurationList;
			buildConfigurations = (
				796081992225FF0F00FFC95B /* Debug */,
				7960819A2225FF0F00FFC95B /* Release */,
			);
			defaultConfigurationIsVisible = 0;
			defaultConfigurationName = Release;
		};
/* End XCConfigurationList section */
	};
	rootObject = 796081622225FF0B00FFC95B /* Project object */;
}
